
Microsoft Visual Studio Solution File, Format Version 12.00
# Visual Studio Version 16
VisualStudioVersion = 16.0.31624.102
MinimumVisualStudioVersion = 10.0.40219.1
Project("{FAE04EC0-301F-11D3-BF4B-00C04F79EFBC}") = "Tech Assigment 1 - Simple Console App", "Tech Assigment 1 - Simple Console App\Tech Assigment 1 - Simple Console App.csproj", "{C5B94195-56E5-4898-A007-7CBA440CD4ED}"
EndProject
Global
	GlobalSection(SolutionConfigurationPlatforms) = preSolution
		Debug|Any CPU = Debug|Any CPU
		Release|Any CPU = Release|Any CPU
	EndGlobalSection
	GlobalSection(ProjectConfigurationPlatforms) = postSolution
		{C5B94195-56E5-4898-A007-7CBA440CD4ED}.Debug|Any CPU.ActiveCfg = Debug|Any CPU
		{C5B94195-56E5-4898-A007-7CBA440CD4ED}.Debug|Any CPU.Build.0 = Debug|Any CPU
		{C5B94195-56E5-4898-A007-7CBA440CD4ED}.Release|Any CPU.ActiveCfg = Release|Any CPU
		{C5B94195-56E5-4898-A007-7CBA440CD4ED}.Release|Any CPU.Build.0 = Release|Any CPU
	EndGlobalSection
	GlobalSection(SolutionProperties) = preSolution
		HideSolutionNode = FALSE
	EndGlobalSection
	GlobalSection(ExtensibilityGlobals) = postSolution
		SolutionGuid = {CBA95683-1927-4F4C-BEDA-43A863CEA323}
	EndGlobalSection
EndGlobal
